
Microsoft Visual Studio Solution File, Format Version 12.00
# Visual Studio 14
VisualStudioVersion = 14.0.25123.0
MinimumVisualStudioVersion = 10.0.40219.1
Project("{FAE04EC0-301F-11D3-BF4B-00C04F79EFBC}") = "RandomWikiNS", "RandomWikiNS\RandomWikiNS.csproj", "{EC0333D6-28D4-4A8F-8BB9-06F9957D469E}"
EndProject
Project("{00D1A9C2-B5F0-4AF3-8072-F6C62B433612}") = "Database", "Database\Database.sqlproj", "{6BD2D649-3EE0-411E-94E6-5734881B34C7}"
EndProject
Global
	GlobalSection(SolutionConfigurationPlatforms) = preSolution
		Debug|Any CPU = Debug|Any CPU
		Release|Any CPU = Release|Any CPU
	EndGlobalSection
	GlobalSection(ProjectConfigurationPlatforms) = postSolution
		{EC0333D6-28D4-4A8F-8BB9-06F9957D469E}.Debug|Any CPU.ActiveCfg = Debug|Any CPU
		{EC0333D6-28D4-4A8F-8BB9-06F9957D469E}.Debug|Any CPU.Build.0 = Debug|Any CPU
		{EC0333D6-28D4-4A8F-8BB9-06F9957D469E}.Release|Any CPU.ActiveCfg = Release|Any CPU
		{EC0333D6-28D4-4A8F-8BB9-06F9957D469E}.Release|Any CPU.Build.0 = Release|Any CPU
		{6BD2D649-3EE0-411E-94E6-5734881B34C7}.Debug|Any CPU.ActiveCfg = Debug|Any CPU
		{6BD2D649-3EE0-411E-94E6-5734881B34C7}.Debug|Any CPU.Build.0 = Debug|Any CPU
		{6BD2D649-3EE0-411E-94E6-5734881B34C7}.Debug|Any CPU.Deploy.0 = Debug|Any CPU
		{6BD2D649-3EE0-411E-94E6-5734881B34C7}.Release|Any CPU.ActiveCfg = Release|Any CPU
		{6BD2D649-3EE0-411E-94E6-5734881B34C7}.Release|Any CPU.Build.0 = Release|Any CPU
		{6BD2D649-3EE0-411E-94E6-5734881B34C7}.Release|Any CPU.Deploy.0 = Release|Any CPU
	EndGlobalSection
	GlobalSection(SolutionProperties) = preSolution
		HideSolutionNode = FALSE
	EndGlobalSection
EndGlobal
